
Microsoft Visual Studio Solution File, Format Version 12.00
# Visual Studio Version 17
VisualStudioVersion = 17.4.33213.308
MinimumVisualStudioVersion = 10.0.40219.1
Project("{2150E333-8FDC-42A3-9474-1A3956D46DE8}") = "Application", "Application", "{DB60773C-32FB-4FE5-896A-166BAA165C51}"
EndProject
Project("{2150E333-8FDC-42A3-9474-1A3956D46DE8}") = "Domain", "Domain", "{46E8C47C-34D2-4282-B99C-C644BE9D0D4B}"
EndProject
Project("{2150E333-8FDC-42A3-9474-1A3956D46DE8}") = "Infrastructure", "Infrastructure", "{66D5279A-2523-4EAD-BDDB-D52A19D9E971}"
EndProject
Project("{2150E333-8FDC-42A3-9474-1A3956D46DE8}") = "Presentation", "Presentation", "{F9267649-6E1C-48D9-9CE4-F22DC52ED467}"
EndProject
Project("{FAE04EC0-301F-11D3-BF4B-00C04F79EFBC}") = "Domain", "Domain\Domain.csproj", "{B7B5A121-A327-4ED0-A75F-CF8A7C88DB9E}"
EndProject
Project("{FAE04EC0-301F-11D3-BF4B-00C04F79EFBC}") = "Data", "Infrastructure\Data.csproj", "{F60BDEB0-85B1-4D52-A5A2-C063A0FE65FA}"
EndProject
Project("{FAE04EC0-301F-11D3-BF4B-00C04F79EFBC}") = "MVC", "MVC\MVC.csproj", "{F6CD2C36-227F-40FB-B0A9-EBE6A0E0C16E}"
EndProject
Project("{FAE04EC0-301F-11D3-BF4B-00C04F79EFBC}") = "IoC", "IoC\IoC.csproj", "{0DF4E88D-BCD0-4E8E-9693-68928A5A4CE5}"
EndProject
Project("{FAE04EC0-301F-11D3-BF4B-00C04F79EFBC}") = "Application", "Application\Application.csproj", "{3D850BB8-552C-42C0-997B-51993FE19498}"
EndProject
Project("{FAE04EC0-301F-11D3-BF4B-00C04F79EFBC}") = "BlazorApp", "BlazorApp\BlazorApp.csproj", "{CD64365F-49D8-42C1-8520-87DA08F3C8F7}"
EndProject
Project("{FAE04EC0-301F-11D3-BF4B-00C04F79EFBC}") = "API", "API\API.csproj", "{B092A8BA-3899-4F06-AFFB-93C7020D99B3}"
EndProject
Global
	GlobalSection(SolutionConfigurationPlatforms) = preSolution
		Debug|Any CPU = Debug|Any CPU
		Release|Any CPU = Release|Any CPU
	EndGlobalSection
	GlobalSection(ProjectConfigurationPlatforms) = postSolution
		{B7B5A121-A327-4ED0-A75F-CF8A7C88DB9E}.Debug|Any CPU.ActiveCfg = Debug|Any CPU
		{B7B5A121-A327-4ED0-A75F-CF8A7C88DB9E}.Debug|Any CPU.Build.0 = Debug|Any CPU
		{B7B5A121-A327-4ED0-A75F-CF8A7C88DB9E}.Release|Any CPU.ActiveCfg = Release|Any CPU
		{B7B5A121-A327-4ED0-A75F-CF8A7C88DB9E}.Release|Any CPU.Build.0 = Release|Any CPU
		{F60BDEB0-85B1-4D52-A5A2-C063A0FE65FA}.Debug|Any CPU.ActiveCfg = Debug|Any CPU
		{F60BDEB0-85B1-4D52-A5A2-C063A0FE65FA}.Debug|Any CPU.Build.0 = Debug|Any CPU
		{F60BDEB0-85B1-4D52-A5A2-C063A0FE65FA}.Release|Any CPU.ActiveCfg = Release|Any CPU
		{F60BDEB0-85B1-4D52-A5A2-C063A0FE65FA}.Release|Any CPU.Build.0 = Release|Any CPU
		{F6CD2C36-227F-40FB-B0A9-EBE6A0E0C16E}.Debug|Any CPU.ActiveCfg = Debug|Any CPU
		{F6CD2C36-227F-40FB-B0A9-EBE6A0E0C16E}.Debug|Any CPU.Build.0 = Debug|Any CPU
		{F6CD2C36-227F-40FB-B0A9-EBE6A0E0C16E}.Release|Any CPU.ActiveCfg = Release|Any CPU
		{F6CD2C36-227F-40FB-B0A9-EBE6A0E0C16E}.Release|Any CPU.Build.0 = Release|Any CPU
		{0DF4E88D-BCD0-4E8E-9693-68928A5A4CE5}.Debug|Any CPU.ActiveCfg = Debug|Any CPU
		{0DF4E88D-BCD0-4E8E-9693-68928A5A4CE5}.Debug|Any CPU.Build.0 = Debug|Any CPU
		{0DF4E88D-BCD0-4E8E-9693-68928A5A4CE5}.Release|Any CPU.ActiveCfg = Release|Any CPU
		{0DF4E88D-BCD0-4E8E-9693-68928A5A4CE5}.Release|Any CPU.Build.0 = Release|Any CPU
		{3D850BB8-552C-42C0-997B-51993FE19498}.Debug|Any CPU.ActiveCfg = Debug|Any CPU
		{3D850BB8-552C-42C0-997B-51993FE19498}.Debug|Any CPU.Build.0 = Debug|Any CPU
		{3D850BB8-552C-42C0-997B-51993FE19498}.Release|Any CPU.ActiveCfg = Release|Any CPU
		{3D850BB8-552C-42C0-997B-51993FE19498}.Release|Any CPU.Build.0 = Release|Any CPU
		{CD64365F-49D8-42C1-8520-87DA08F3C8F7}.Debug|Any CPU.ActiveCfg = Debug|Any CPU
		{CD64365F-49D8-42C1-8520-87DA08F3C8F7}.Debug|Any CPU.Build.0 = Debug|Any CPU
		{CD64365F-49D8-42C1-8520-87DA08F3C8F7}.Release|Any CPU.ActiveCfg = Release|Any CPU
		{CD64365F-49D8-42C1-8520-87DA08F3C8F7}.Release|Any CPU.Build.0 = Release|Any CPU
		{B092A8BA-3899-4F06-AFFB-93C7020D99B3}.Debug|Any CPU.ActiveCfg = Debug|Any CPU
		{B092A8BA-3899-4F06-AFFB-93C7020D99B3}.Debug|Any CPU.Build.0 = Debug|Any CPU
		{B092A8BA-3899-4F06-AFFB-93C7020D99B3}.Release|Any CPU.ActiveCfg = Release|Any CPU
		{B092A8BA-3899-4F06-AFFB-93C7020D99B3}.Release|Any CPU.Build.0 = Release|Any CPU
	EndGlobalSection
	GlobalSection(SolutionProperties) = preSolution
		HideSolutionNode = FALSE
	EndGlobalSection
	GlobalSection(NestedProjects) = preSolution
		{B7B5A121-A327-4ED0-A75F-CF8A7C88DB9E} = {46E8C47C-34D2-4282-B99C-C644BE9D0D4B}
		{F60BDEB0-85B1-4D52-A5A2-C063A0FE65FA} = {66D5279A-2523-4EAD-BDDB-D52A19D9E971}
		{F6CD2C36-227F-40FB-B0A9-EBE6A0E0C16E} = {F9267649-6E1C-48D9-9CE4-F22DC52ED467}
		{0DF4E88D-BCD0-4E8E-9693-68928A5A4CE5} = {66D5279A-2523-4EAD-BDDB-D52A19D9E971}
		{3D850BB8-552C-42C0-997B-51993FE19498} = {DB60773C-32FB-4FE5-896A-166BAA165C51}
		{CD64365F-49D8-42C1-8520-87DA08F3C8F7} = {F9267649-6E1C-48D9-9CE4-F22DC52ED467}
		{B092A8BA-3899-4F06-AFFB-93C7020D99B3} = {F9267649-6E1C-48D9-9CE4-F22DC52ED467}
	EndGlobalSection
	GlobalSection(ExtensibilityGlobals) = postSolution
		SolutionGuid = {34158542-E598-4190-9CC5-7A6CFD515B0E}
	EndGlobalSection
EndGlobal
